
Microsoft Visual Studio Solution File, Format Version 12.00
# Visual Studio Version 16
VisualStudioVersion = 16.0.30907.101
MinimumVisualStudioVersion = 10.0.40219.1
Project("{FAE04EC0-301F-11D3-BF4B-00C04F79EFBC}") = "WebViewBug.Android", "WebViewBug\WebViewBug.Android\WebViewBug.Android.csproj", "{5C914FD8-278E-44AD-9A0E-E355FFB76B70}"
EndProject
Project("{FAE04EC0-301F-11D3-BF4B-00C04F79EFBC}") = "WebViewBug.iOS", "WebViewBug\WebViewBug.iOS\WebViewBug.iOS.csproj", "{C1900192-D6B8-4832-B200-9FCA88657FEE}"
EndProject
Project("{FAE04EC0-301F-11D3-BF4B-00C04F79EFBC}") = "WebViewBug", "WebViewBug\WebViewBug\WebViewBug.csproj", "{CDEFF287-6BD5-4938-A597-E879B3C4C0D7}"
EndProject
Global
	GlobalSection(SolutionConfigurationPlatforms) = preSolution
		Debug|Any CPU = Debug|Any CPU
		Debug|iPhone = Debug|iPhone
		Debug|iPhoneSimulator = Debug|iPhoneSimulator
		Release|Any CPU = Release|Any CPU
		Release|iPhone = Release|iPhone
		Release|iPhoneSimulator = Release|iPhoneSimulator
	EndGlobalSection
	GlobalSection(ProjectConfigurationPlatforms) = postSolution
		{5C914FD8-278E-44AD-9A0E-E355FFB76B70}.Debug|Any CPU.ActiveCfg = Debug|Any CPU
		{5C914FD8-278E-44AD-9A0E-E355FFB76B70}.Debug|Any CPU.Build.0 = Debug|Any CPU
		{5C914FD8-278E-44AD-9A0E-E355FFB76B70}.Debug|Any CPU.Deploy.0 = Debug|Any CPU
		{5C914FD8-278E-44AD-9A0E-E355FFB76B70}.Debug|iPhone.ActiveCfg = Debug|Any CPU
		{5C914FD8-278E-44AD-9A0E-E355FFB76B70}.Debug|iPhone.Build.0 = Debug|Any CPU
		{5C914FD8-278E-44AD-9A0E-E355FFB76B70}.Debug|iPhone.Deploy.0 = Debug|Any CPU
		{5C914FD8-278E-44AD-9A0E-E355FFB76B70}.Debug|iPhoneSimulator.ActiveCfg = Debug|Any CPU
		{5C914FD8-278E-44AD-9A0E-E355FFB76B70}.Debug|iPhoneSimulator.Build.0 = Debug|Any CPU
		{5C914FD8-278E-44AD-9A0E-E355FFB76B70}.Debug|iPhoneSimulator.Deploy.0 = Debug|Any CPU
		{5C914FD8-278E-44AD-9A0E-E355FFB76B70}.Release|Any CPU.ActiveCfg = Release|Any CPU
		{5C914FD8-278E-44AD-9A0E-E355FFB76B70}.Release|Any CPU.Build.0 = Release|Any CPU
		{5C914FD8-278E-44AD-9A0E-E355FFB76B70}.Release|Any CPU.Deploy.0 = Release|Any CPU
		{5C914FD8-278E-44AD-9A0E-E355FFB76B70}.Release|iPhone.ActiveCfg = Release|Any CPU
		{5C914FD8-278E-44AD-9A0E-E355FFB76B70}.Release|iPhone.Build.0 = Release|Any CPU
		{5C914FD8-278E-44AD-9A0E-E355FFB76B70}.Release|iPhone.Deploy.0 = Release|Any CPU
		{5C914FD8-278E-44AD-9A0E-E355FFB76B70}.Release|iPhoneSimulator.ActiveCfg = Release|Any CPU
		{5C914FD8-278E-44AD-9A0E-E355FFB76B70}.Release|iPhoneSimulator.Build.0 = Release|Any CPU
		{5C914FD8-278E-44AD-9A0E-E355FFB76B70}.Release|iPhoneSimulator.Deploy.0 = Release|Any CPU
		{C1900192-D6B8-4832-B200-9FCA88657FEE}.Debug|Any CPU.ActiveCfg = Debug|iPhone
		{C1900192-D6B8-4832-B200-9FCA88657FEE}.Debug|Any CPU.Build.0 = Debug|iPhone
		{C1900192-D6B8-4832-B200-9FCA88657FEE}.Debug|Any CPU.Deploy.0 = Debug|iPhone
		{C1900192-D6B8-4832-B200-9FCA88657FEE}.Debug|iPhone.ActiveCfg = Debug|iPhone
		{C1900192-D6B8-4832-B200-9FCA88657FEE}.Debug|iPhone.Build.0 = Debug|iPhone
		{C1900192-D6B8-4832-B200-9FCA88657FEE}.Debug|iPhone.Deploy.0 = Debug|iPhone
		{C1900192-D6B8-4832-B200-9FCA88657FEE}.Debug|iPhoneSimulator.ActiveCfg = Debug|iPhoneSimulator
		{C1900192-D6B8-4832-B200-9FCA88657FEE}.Debug|iPhoneSimulator.Build.0 = Debug|iPhoneSimulator
		{C1900192-D6B8-4832-B200-9FCA88657FEE}.Debug|iPhoneSimulator.Deploy.0 = Debug|iPhoneSimulator
		{C1900192-D6B8-4832-B200-9FCA88657FEE}.Release|Any CPU.ActiveCfg = Release|iPhoneSimulator
		{C1900192-D6B8-4832-B200-9FCA88657FEE}.Release|Any CPU.Build.0 = Release|iPhoneSimulator
		{C1900192-D6B8-4832-B200-9FCA88657FEE}.Release|Any CPU.Deploy.0 = Release|iPhoneSimulator
		{C1900192-D6B8-4832-B200-9FCA88657FEE}.Release|iPhone.ActiveCfg = Release|iPhone
		{C1900192-D6B8-4832-B200-9FCA88657FEE}.Release|iPhone.Build.0 = Release|iPhone
		{C1900192-D6B8-4832-B200-9FCA88657FEE}.Release|iPhone.Deploy.0 = Release|iPhone
		{C1900192-D6B8-4832-B200-9FCA88657FEE}.Release|iPhoneSimulator.ActiveCfg = Release|iPhoneSimulator
		{C1900192-D6B8-4832-B200-9FCA88657FEE}.Release|iPhoneSimulator.Build.0 = Release|iPhoneSimulator
		{C1900192-D6B8-4832-B200-9FCA88657FEE}.Release|iPhoneSimulator.Deploy.0 = Release|iPhoneSimulator
		{CDEFF287-6BD5-4938-A597-E879B3C4C0D7}.Debug|Any CPU.ActiveCfg = Debug|Any CPU
		{CDEFF287-6BD5-4938-A597-E879B3C4C0D7}.Debug|Any CPU.Build.0 = Debug|Any CPU
		{CDEFF287-6BD5-4938-A597-E879B3C4C0D7}.Debug|Any CPU.Deploy.0 = Debug|Any CPU
		{CDEFF287-6BD5-4938-A597-E879B3C4C0D7}.Debug|iPhone.ActiveCfg = Debug|Any CPU
		{CDEFF287-6BD5-4938-A597-E879B3C4C0D7}.Debug|iPhone.Build.0 = Debug|Any CPU
		{CDEFF287-6BD5-4938-A597-E879B3C4C0D7}.Debug|iPhone.Deploy.0 = Debug|Any CPU
		{CDEFF287-6BD5-4938-A597-E879B3C4C0D7}.Debug|iPhoneSimulator.ActiveCfg = Debug|Any CPU
		{CDEFF287-6BD5-4938-A597-E879B3C4C0D7}.Debug|iPhoneSimulator.Build.0 = Debug|Any CPU
		{CDEFF287-6BD5-4938-A597-E879B3C4C0D7}.Debug|iPhoneSimulator.Deploy.0 = Debug|Any CPU
		{CDEFF287-6BD5-4938-A597-E879B3C4C0D7}.Release|Any CPU.ActiveCfg = Release|Any CPU
		{CDEFF287-6BD5-4938-A597-E879B3C4C0D7}.Release|Any CPU.Build.0 = Release|Any CPU
		{CDEFF287-6BD5-4938-A597-E879B3C4C0D7}.Release|Any CPU.Deploy.0 = Release|Any CPU
		{CDEFF287-6BD5-4938-A597-E879B3C4C0D7}.Release|iPhone.ActiveCfg = Release|Any CPU
		{CDEFF287-6BD5-4938-A597-E879B3C4C0D7}.Release|iPhone.Build.0 = Release|Any CPU
		{CDEFF287-6BD5-4938-A597-E879B3C4C0D7}.Release|iPhone.Deploy.0 = Release|Any CPU
		{CDEFF287-6BD5-4938-A597-E879B3C4C0D7}.Release|iPhoneSimulator.ActiveCfg = Release|Any CPU
		{CDEFF287-6BD5-4938-A597-E879B3C4C0D7}.Release|iPhoneSimulator.Build.0 = Release|Any CPU
		{CDEFF287-6BD5-4938-A597-E879B3C4C0D7}.Release|iPhoneSimulator.Deploy.0 = Release|Any CPU
	EndGlobalSection
	GlobalSection(SolutionProperties) = preSolution
		HideSolutionNode = FALSE
	EndGlobalSection
	GlobalSection(ExtensibilityGlobals) = postSolution
		SolutionGuid = {E4FC1068-619E-42B2-8E82-52FE689A1D02}
	EndGlobalSection
EndGlobal
